
Microsoft Visual Studio Solution File, Format Version 12.00
# Visual Studio Version 17
VisualStudioVersion = 17.4.33110.190
MinimumVisualStudioVersion = 10.0.40219.1
Project("{FAE04EC0-301F-11D3-BF4B-00C04F79EFBC}") = "TicTacToe_Game_Wİth_SignalR", "Server_Side\TicTacToe_Game_Wİth_SignalR\TicTacToe_Game_Wİth_SignalR.csproj", "{6E2E08E9-FC6F-4291-8699-1304F7B046EC}"
EndProject
Global
	GlobalSection(SolutionConfigurationPlatforms) = preSolution
		Debug|Any CPU = Debug|Any CPU
		Release|Any CPU = Release|Any CPU
	EndGlobalSection
	GlobalSection(ProjectConfigurationPlatforms) = postSolution
		{6E2E08E9-FC6F-4291-8699-1304F7B046EC}.Debug|Any CPU.ActiveCfg = Debug|Any CPU
		{6E2E08E9-FC6F-4291-8699-1304F7B046EC}.Debug|Any CPU.Build.0 = Debug|Any CPU
		{6E2E08E9-FC6F-4291-8699-1304F7B046EC}.Release|Any CPU.ActiveCfg = Release|Any CPU
		{6E2E08E9-FC6F-4291-8699-1304F7B046EC}.Release|Any CPU.Build.0 = Release|Any CPU
	EndGlobalSection
	GlobalSection(SolutionProperties) = preSolution
		HideSolutionNode = FALSE
	EndGlobalSection
	GlobalSection(ExtensibilityGlobals) = postSolution
		SolutionGuid = {F4473A54-3308-4142-B17A-FE493E6FCAD5}
	EndGlobalSection
EndGlobal
